// !$*UTF8*$!
{
	archiveVersion = 1;
	classes = {
	};
	objectVersion = 46;
	objects = {

/* Begin PBXBuildFile section */
		8353494414EE368400190BDD /* UIKit.framework in Frameworks */ = {isa = PBXBuildFile; fileRef = 8353494314EE368400190BDD /* UIKit.framework */; };
		8353494614EE368400190BDD /* Foundation.framework in Frameworks */ = {isa = PBXBuildFile; fileRef = 8353494514EE368400190BDD /* Foundation.framework */; };
		8353494814EE368400190BDD /* CoreGraphics.framework in Frameworks */ = {isa = PBXBuildFile; fileRef = 8353494714EE368400190BDD /* CoreGraphics.framework */; };
		8353494E14EE368400190BDD /* InfoPlist.strings in Resources */ = {isa = PBXBuildFile; fileRef = 8353494C14EE368400190BDD /* InfoPlist.strings */; };
		8353495014EE368400190BDD /* main.m in Sources */ = {isa = PBXBuildFile; fileRef = 8353494F14EE368400190BDD /* main.m */; };
		8353495414EE368400190BDD /* AppDelegate.m in Sources */ = {isa = PBXBuildFile; fileRef = 8353495314EE368400190BDD /* AppDelegate.m */; };
		8353495714EE368400190BDD /* ViewController.m in Sources */ = {isa = PBXBuildFile; fileRef = 8353495614EE368400190BDD /* ViewController.m */; };
		8353495A14EE368400190BDD /* ViewController.xib in Resources */ = {isa = PBXBuildFile; fileRef = 8353495814EE368400190BDD /* ViewController.xib */; };
/* End PBXBuildFile section */

/* Begin PBXFileReference section */
		8353493F14EE368400190BDD /* GoogleRoute.app */ = {isa = PBXFileReference; explicitFileType = wrapper.application; includeInIndex = 0; path = GoogleRoute.app; sourceTree = BUILT_PRODUCTS_DIR; };
		8353494314EE368400190BDD /* UIKit.framework */ = {isa = PBXFileReference; lastKnownFileType = wrapper.framework; name = UIKit.framework; path = System/Library/Frameworks/UIKit.framework; sourceTree = SDKROOT; };
		8353494514EE368400190BDD /* Foundation.framework */ = {isa = PBXFileReference; lastKnownFileType = wrapper.framework; name = Foundation.framework; path = System/Library/Frameworks/Foundation.framework; sourceTree = SDKROOT; };
		8353494714EE368400190BDD /* CoreGraphics.framework */ = {isa = PBXFileReference; lastKnownFileType = wrapper.framework; name = CoreGraphics.framework; path = System/Library/Frameworks/CoreGraphics.framework; sourceTree = SDKROOT; };
		8353494B14EE368400190BDD /* GoogleRoute-Info.plist */ = {isa = PBXFileReference; path = "GoogleRoute-Info.plist"; sourceTree = "<group>"; };
		8353494D14EE368400190BDD /* en */ = {isa = PBXFileReference; lastKnownFileType = text.plist.strings; name = en; path = en.lproj/InfoPlist.strings; sourceTree = "<group>"; };
		8353494F14EE368400190BDD /* main.m */ = {isa = PBXFileReference; lastKnownFileType = sourcecode.c.objc; path = main.m; sourceTree = "<group>"; };
		8353495114EE368400190BDD /* GoogleRoute-Prefix.pch */ = {isa = PBXFileReference; path = "GoogleRoute-Prefix.pch"; sourceTree = "<group>"; };
		8353495214EE368400190BDD /* AppDelegate.h */ = {isa = PBXFileReference; path = AppDelegate.h; sourceTree = "<group>"; };
		8353495314EE368400190BDD /* AppDelegate.m */ = {isa = PBXFileReference; lastKnownFileType = sourcecode.c.objc; path = AppDelegate.m; sourceTree = "<group>"; };
		8353495514EE368400190BDD /* ViewController.h */ = {isa = PBXFileReference; path = ViewController.h; sourceTree = "<group>"; };
		8353495614EE368400190BDD /* ViewController.m */ = {isa = PBXFileReference; lastKnownFileType = sourcecode.c.objc; path = ViewController.m; sourceTree = "<group>"; };
		8353495914EE368400190BDD /* en */ = {isa = PBXFileReference; lastKnownFileType = file.xib; name = en; path = en.lproj/ViewController.xib; sourceTree = "<group>"; };
/* End PBXFileReference section */

/* Begin PBXFrameworksBuildPhase section */
		8353493C14EE368400190BDD /* Frameworks */ = {
			isa = PBXFrameworksBuildPhase;
			buildActionMask = 2147483647;
			files = (
				8353494414EE368400190BDD /* UIKit.framework in Frameworks */,
				8353494614EE368400190BDD /* Foundation.framework in Frameworks */,
				8353494814EE368400190BDD /* CoreGraphics.framework in Frameworks */,
			);
			runOnlyForDeploymentPostprocessing = 0;
		};
/* End PBXFrameworksBuildPhase section */

/* Begin PBXGroup section */
		8353493414EE368400190BDD = {
			isa = PBXGroup;
			children = (
				8353494914EE368400190BDD /* GoogleRoute */,
				8353494214EE368400190BDD /* Frameworks */,
				8353494014EE368400190BDD /* Products */,
			);
			sourceTree = "<group>";
		};
		8353494014EE368400190BDD /* Products */ = {
			isa = PBXGroup;
			children = (
				8353493F14EE368400190BDD /* GoogleRoute.app */,
			);
			name = Products;
			sourceTree = "<group>";
		};
		8353494214EE368400190BDD /* Frameworks */ = {
			isa = PBXGroup;
			children = (
				8353494314EE368400190BDD /* UIKit.framework */,
				8353494514EE368400190BDD /* Foundation.framework */,
				8353494714EE368400190BDD /* CoreGraphics.framework */,
			);
			name = Frameworks;
			sourceTree = "<group>";
		};
		8353494914EE368400190BDD /* GoogleRoute */ = {
			isa = PBXGroup;
			children = (
				8353495214EE368400190BDD /* AppDelegate.h */,
				8353495314EE368400190BDD /* AppDelegate.m */,
				8353495514EE368400190BDD /* ViewController.h */,
				8353495614EE368400190BDD /* ViewController.m */,
				8353495814EE368400190BDD /* ViewController.xib */,
				8353494A14EE368400190BDD /* Supporting Files */,
			);
			path = GoogleRoute;
			sourceTree = "<group>";
		};
		8353494A14EE368400190BDD /* Supporting Files */ = {
			isa = PBXGroup;
			children = (
				8353494B14EE368400190BDD /* GoogleRoute-Info.plist */,
				8353494C14EE368400190BDD /* InfoPlist.strings */,
				8353494F14EE368400190BDD /* main.m */,
				8353495114EE368400190BDD /* GoogleRoute-Prefix.pch */,
			);
			name = "Supporting Files";
			sourceTree = "<group>";
		};
/* End PBXGroup section */

/* Begin PBXNativeTarget section */
		8353493E14EE368400190BDD /* GoogleRoute */ = {
			isa = PBXNativeTarget;
			buildConfigurationList = 8353495D14EE368400190BDD /* Build configuration list for PBXNativeTarget "GoogleRoute" */;
			buildPhases = (
				8353493B14EE368400190BDD /* Sources */,
				8353493C14EE368400190BDD /* Frameworks */,
				8353493D14EE368400190BDD /* Resources */,
			);
			buildRules = (
			);
			dependencies = (
			);
			name = GoogleRoute;
			productName = GoogleRoute;
			productReference = 8353493F14EE368400190BDD /* GoogleRoute.app */;
			productType = "com.apple.product-type.application";
		};
/* End PBXNativeTarget section */

/* Begin PBXProject section */
		8353493614EE368400190BDD /* Project object */ = {
			isa = PBXProject;
			attributes = {
				LastUpgradeCheck = 0420;
				ORGANIZATIONNAME = "AshberrySoft LLC";
			};
			buildConfigurationList = 8353493914EE368400190BDD /* Build configuration list for PBXProject "GoogleRoute" */;
			compatibilityVersion = "Xcode 3.2";
			developmentRegion = English;
			hasScannedForEncodings = 0;
			knownRegions = (
				en,
			);
			mainGroup = 8353493414EE368400190BDD;
			productRefGroup = 8353494014EE368400190BDD /* Products */;
			projectDirPath = "";
			projectRoot = "";
			targets = (
				8353493E14EE368400190BDD /* GoogleRoute */,
			);
		};
/* End PBXProject section */

/* Begin PBXResourcesBuildPhase section */
		8353493D14EE368400190BDD /* Resources */ = {
			isa = PBXResourcesBuildPhase;
			buildActionMask = 2147483647;
			files = (
				8353494E14EE368400190BDD /* InfoPlist.strings in Resources */,
				8353495A14EE368400190BDD /* ViewController.xib in Resources */,
			);
			runOnlyForDeploymentPostprocessing = 0;
		};
/* End PBXResourcesBuildPhase section */

/* Begin PBXSourcesBuildPhase section */
		8353493B14EE368400190BDD /* Sources */ = {
			isa = PBXSourcesBuildPhase;
			buildActionMask = 2147483647;
			files = (
				8353495014EE368400190BDD /* main.m in Sources */,
				8353495414EE368400190BDD /* AppDelegate.m in Sources */,
				8353495714EE368400190BDD /* ViewController.m in Sources */,
			);
			runOnlyForDeploymentPostprocessing = 0;
		};
/* End PBXSourcesBuildPhase section */

/* Begin PBXVariantGroup section */
		8353494C14EE368400190BDD /* InfoPlist.strings */ = {
			isa = PBXVariantGroup;
			children = (
				8353494D14EE368400190BDD /* en */,
			);
			name = InfoPlist.strings;
			sourceTree = "<group>";
		};
		8353495814EE368400190BDD /* ViewController.xib */ = {
			isa = PBXVariantGroup;
			children = (
				8353495914EE368400190BDD /* en */,
			);
			name = ViewController.xib;
			sourceTree = "<group>";
		};
/* End PBXVariantGroup section */

/* Begin XCBuildConfiguration section */
		8353495B14EE368400190BDD /* Debug */ = {
			isa = XCBuildConfiguration;
			buildSettings = {
				ALWAYS_SEARCH_USER_PATHS = NO;
				ARCHS = "$(ARCHS_STANDARD_32_BIT)";
				CLANG_ENABLE_OBJC_ARC = YES;
				"CODE_SIGN_IDENTITY[sdk=iphoneos*]" = "iPhone Developer";
				COPY_PHASE_STRIP = NO;
				GCC_C_LANGUAGE_STANDARD = gnu99;
				GCC_DYNAMIC_NO_PIC = NO;
				GCC_OPTIMIZATION_LEVEL = 0;
				GCC_PREPROCESSOR_DEFINITIONS = (
					"DEBUG=1",
					"$(inherited)",
				);
				GCC_SYMBOLS_PRIVATE_EXTERN = NO;
				GCC_VERSION = com.apple.compilers.llvm.clang.1_0;
				GCC_WARN_ABOUT_MISSING_PROTOTYPES = YES;
				GCC_WARN_ABOUT_RETURN_TYPE = YES;
				GCC_WARN_UNUSED_VARIABLE = YES;
				IPHONEOS_DEPLOYMENT_TARGET = 5.0;
				SDKROOT = iphoneos;
			};
			name = Debug;
		};
		8353495C14EE368400190BDD /* Release */ = {
			isa = XCBuildConfiguration;
			buildSettings = {
				ALWAYS_SEARCH_USER_PATHS = NO;
				ARCHS = "$(ARCHS_STANDARD_32_BIT)";
				CLANG_ENABLE_OBJC_ARC = YES;
				"CODE_SIGN_IDENTITY[sdk=iphoneos*]" = "iPhone Developer";
				COPY_PHASE_STRIP = YES;
				GCC_C_LANGUAGE_STANDARD = gnu99;
				GCC_VERSION = com.apple.compilers.llvm.clang.1_0;
				GCC_WARN_ABOUT_MISSING_PROTOTYPES = YES;
				GCC_WARN_ABOUT_RETURN_TYPE = YES;
				GCC_WARN_UNUSED_VARIABLE = YES;
				IPHONEOS_DEPLOYMENT_TARGET = 5.0;
				OTHER_CFLAGS = "-DNS_BLOCK_ASSERTIONS=1";
				SDKROOT = iphoneos;
				VALIDATE_PRODUCT = YES;
			};
			name = Release;
		};
		8353495E14EE368400190BDD /* Debug */ = {
			isa = XCBuildConfiguration;
			buildSettings = {
				GCC_PRECOMPILE_PREFIX_HEADER = YES;
				GCC_PREFIX_HEADER = "GoogleRoute/GoogleRoute-Prefix.pch";
				INFOPLIST_FILE = "GoogleRoute/GoogleRoute-Info.plist";
				PRODUCT_NAME = "$(TARGET_NAME)";
				WRAPPER_EXTENSION = app;
			};
			name = Debug;
		};
		8353495F14EE368400190BDD /* Release */ = {
			isa = XCBuildConfiguration;
			buildSettings = {
				GCC_PRECOMPILE_PREFIX_HEADER = YES;
				GCC_PREFIX_HEADER = "GoogleRoute/GoogleRoute-Prefix.pch";
				INFOPLIST_FILE = "GoogleRoute/GoogleRoute-Info.plist";
				PRODUCT_NAME = "$(TARGET_NAME)";
				WRAPPER_EXTENSION = app;
			};
			name = Release;
		};
/* End XCBuildConfiguration section */

/* Begin XCConfigurationList section */
		8353493914EE368400190BDD /* Build configuration list for PBXProject "GoogleRoute" */ = {
			isa = XCConfigurationList;
			buildConfigurations = (
				8353495B14EE368400190BDD /* Debug */,
				8353495C14EE368400190BDD /* Release */,
			);
			defaultConfigurationIsVisible = 0;
			defaultConfigurationName = Release;
		};
		8353495D14EE368400190BDD /* Build configuration list for PBXNativeTarget "GoogleRoute" */ = {
			isa = XCConfigurationList;
			buildConfigurations = (
				8353495E14EE368400190BDD /* Debug */,
				8353495F14EE368400190BDD /* Release */,
			);
			defaultConfigurationIsVisible = 0;
		};
/* End XCConfigurationList section */
	};
	rootObject = 8353493614EE368400190BDD /* Project object */;
}
